<?xml version="1.0" encoding="utf-8"?>
<Project ToolsVersion="4.0" xmlns="http://schemas.microsoft.com/developer/msbuild/2003">
  <ItemGroup>
    <Filter Include="Source Files">
      <UniqueIdentifier>{4FC737F1-C7A5-4376-A066-2A32D752A2FF}</UniqueIdentifier>
      <Extensions>cpp;c;cc;cxx;def;odl;idl;hpj;bat;asm;asmx</Extensions>
    </Filter>
    <Filter Include="Header Files">
      <UniqueIdentifier>{93995380-89BD-4b04-88EB-625FBE52EBFB}</UniqueIdentifier>
      <Extensions>h;hh;hpp;hxx;hm;inl;inc;xsd</Extensions>
    </Filter>
    <Filter Include="Resource Files">
      <UniqueIdentifier>{67DA6AB6-F800-4c08-8B7A-83BB121AAD01}</UniqueIdentifier>
      <Extensions>rc;ico;cur;bmp;dlg;rc2;rct;bin;rgs;gif;jpg;jpeg;jpe;resx;tiff;tif;png;wav</Extensions>
    </Filter>
  </ItemGroup>
  <ItemGroup>
    <ClCompile Include="src\CModel.cpp">
      <Filter>Source Files</Filter>
    </ClCompile>
    <ClCompile Include="src\main.cpp">
      <Filter>Source Files</Filter>
    </ClCompile>
    <ClCompile Include="src\util.cpp">
      <Filter>Source Files</Filter>
    </ClCompile>
    <ClCompile Include="src\base\CExecutorControl.cpp">
      <Filter>Source Files</Filter>
    </ClCompile>
    <ClCompile Include="src\boundaries\CBoundary.cpp">
      <Filter>Source Files</Filter>
    </ClCompile>
    <ClCompile Include="src\boundaries\CBoundaryCell.cpp">
      <Filter>Source Files</Filter>
    </ClCompile>
    <ClCompile Include="src\boundaries\CBoundaryGridded.cpp">
      <Filter>Source Files</Filter>
    </ClCompile>
    <ClCompile Include="src\boundaries\CBoundaryMap.cpp">
      <Filter>Source Files</Filter>
    </ClCompile>
    <ClCompile Include="src\boundaries\CBoundaryUniform.cpp">
      <Filter>Source Files</Filter>
    </ClCompile>
    <ClCompile Include="src\datasets\CCSVDataset.cpp">
      <Filter>Source Files</Filter>
    </ClCompile>
    <ClCompile Include="src\datasets\CRasterDataset.cpp">
      <Filter>Source Files</Filter>
    </ClCompile>
    <ClCompile Include="src\datasets\CXMLDataset.cpp">
      <Filter>Source Files</Filter>
    </ClCompile>
    <ClCompile Include="src\datasets\tinyxml\tinyxml2.cpp">
      <Filter>Source Files</Filter>
    </ClCompile>
    <ClCompile Include="src\domain\CDomain.cpp">
      <Filter>Source Files</Filter>
    </ClCompile>
    <ClCompile Include="src\domain\CDomainBase.cpp">
      <Filter>Source Files</Filter>
    </ClCompile>
    <ClCompile Include="src\domain\CDomainManager.cpp">
      <Filter>Source Files</Filter>
    </ClCompile>
    <ClCompile Include="src\domain\cartesian\CDomainCartesian.cpp">
      <Filter>Source Files</Filter>
    </ClCompile>
    <ClCompile Include="src\domain\links\CDomainLink.cpp">
      <Filter>Source Files</Filter>
    </ClCompile>
    <ClCompile Include="src\domain\remote\CDomainRemote.cpp">
      <Filter>Source Files</Filter>
    </ClCompile>
    <ClCompile Include="src\general\CBenchmark.cpp">
      <Filter>Source Files</Filter>
    </ClCompile>
    <ClCompile Include="src\general\CLog.cpp">
      <Filter>Source Files</Filter>
    </ClCompile>
    <ClCompile Include="src\mpi\CMPIManager.cpp">
      <Filter>Source Files</Filter>
    </ClCompile>
    <ClCompile Include="src\mpi\CMPINode.cpp">
      <Filter>Source Files</Filter>
    </ClCompile>
    <ClCompile Include="src\opencl\executors\CExecutorControlOpenCL.cpp">
      <Filter>Source Files</Filter>
    </ClCompile>
    <ClCompile Include="src\opencl\executors\COCLBuffer.cpp">
      <Filter>Source Files</Filter>
    </ClCompile>
    <ClCompile Include="src\opencl\executors\COCLDevice.cpp">
      <Filter>Source Files</Filter>
    </ClCompile>
    <ClCompile Include="src\opencl\executors\COCLKernel.cpp">
      <Filter>Source Files</Filter>
    </ClCompile>
    <ClCompile Include="src\opencl\executors\COCLProgram.cpp">
      <Filter>Source Files</Filter>
    </ClCompile>
    <ClCompile Include="src\platforms\unix_platform.cpp">
      <Filter>Source Files</Filter>
    </ClCompile>
    <ClCompile Include="src\platforms\windows_platform.cpp">
      <Filter>Source Files</Filter>
    </ClCompile>
    <ClCompile Include="src\schemes\CScheme.cpp">
      <Filter>Source Files</Filter>
    </ClCompile>
    <ClCompile Include="src\schemes\CSchemeGodunov.cpp">
      <Filter>Source Files</Filter>
    </ClCompile>
    <ClCompile Include="src\schemes\CSchemeInertial.cpp">
      <Filter>Source Files</Filter>
    </ClCompile>
    <ClCompile Include="src\schemes\CSchemeMUSCLHancock.cpp">
      <Filter>Source Files</Filter>
    </ClCompile>
    <ClCompile Include="src\Boundaries\CBoundarySimplePipe.cpp">
      <Filter>Source Files</Filter>
    </ClCompile>
  </ItemGroup>
  <ItemGroup>
    <ClInclude Include="src\CLCode.h">
      <Filter>Header Files</Filter>
    </ClInclude>
    <ClInclude Include="src\CModel.h">
      <Filter>Header Files</Filter>
    </ClInclude>
    <ClInclude Include="src\common.h">
      <Filter>Header Files</Filter>
    </ClInclude>
    <ClInclude Include="src\main.h">
      <Filter>Header Files</Filter>
    </ClInclude>
    <ClInclude Include="src\platforms.h">
      <Filter>Header Files</Filter>
    </ClInclude>
    <ClInclude Include="src\resource.h">
      <Filter>Header Files</Filter>
    </ClInclude>
    <ClInclude Include="src\util.h">
      <Filter>Header Files</Filter>
    </ClInclude>
    <ClInclude Include="src\base\CExecutorControl.h">
      <Filter>Header Files</Filter>
    </ClInclude>
    <ClInclude Include="src\boundaries\CBoundary.h">
      <Filter>Header Files</Filter>
    </ClInclude>
    <ClInclude Include="src\boundaries\CBoundaryCell.h">
      <Filter>Header Files</Filter>
    </ClInclude>
    <ClInclude Include="src\boundaries\CBoundaryGridded.h">
      <Filter>Header Files</Filter>
    </ClInclude>
    <ClInclude Include="src\boundaries\CBoundaryMap.h">
      <Filter>Header Files</Filter>
    </ClInclude>
    <ClInclude Include="src\boundaries\CBoundaryUniform.h">
      <Filter>Header Files</Filter>
    </ClInclude>
    <ClInclude Include="src\datasets\CCSVDataset.h">
      <Filter>Header Files</Filter>
    </ClInclude>
    <ClInclude Include="src\datasets\CRasterDataset.h">
      <Filter>Header Files</Filter>
    </ClInclude>
    <ClInclude Include="src\datasets\CXMLDataset.h">
      <Filter>Header Files</Filter>
    </ClInclude>
    <ClInclude Include="src\datasets\tinyxml\tinyxml2.h">
      <Filter>Header Files</Filter>
    </ClInclude>
    <ClInclude Include="src\domain\CDomain.h">
      <Filter>Header Files</Filter>
    </ClInclude>
    <ClInclude Include="src\domain\CDomainBase.h">
      <Filter>Header Files</Filter>
    </ClInclude>
    <ClInclude Include="src\domain\CDomainManager.h">
      <Filter>Header Files</Filter>
    </ClInclude>
    <ClInclude Include="src\domain\cartesian\CDomainCartesian.h">
      <Filter>Header Files</Filter>
    </ClInclude>
    <ClInclude Include="src\domain\links\CDomainLink.h">
      <Filter>Header Files</Filter>
    </ClInclude>
    <ClInclude Include="src\domain\remote\CDomainRemote.h">
      <Filter>Header Files</Filter>
    </ClInclude>
    <ClInclude Include="src\general\CBenchmark.h">
      <Filter>Header Files</Filter>
    </ClInclude>
    <ClInclude Include="src\general\CLog.h">
      <Filter>Header Files</Filter>
    </ClInclude>
    <ClInclude Include="src\mpi\CMPIManager.h">
      <Filter>Header Files</Filter>
    </ClInclude>
    <ClInclude Include="src\mpi\CMPINode.h">
      <Filter>Header Files</Filter>
    </ClInclude>
    <ClInclude Include="src\opencl\opencl.h">
      <Filter>Header Files</Filter>
    </ClInclude>
    <ClInclude Include="src\opencl\executors\CExecutorControlOpenCL.h">
      <Filter>Header Files</Filter>
    </ClInclude>
    <ClInclude Include="src\opencl\executors\COCLBuffer.h">
      <Filter>Header Files</Filter>
    </ClInclude>
    <ClInclude Include="src\opencl\executors\COCLDevice.h">
      <Filter>Header Files</Filter>
    </ClInclude>
    <ClInclude Include="src\opencl\executors\COCLKernel.h">
      <Filter>Header Files</Filter>
    </ClInclude>
    <ClInclude Include="src\opencl\executors\COCLProgram.h">
      <Filter>Header Files</Filter>
    </ClInclude>
    <ClInclude Include="src\platforms\unix_platform.h">
      <Filter>Header Files</Filter>
    </ClInclude>
    <ClInclude Include="src\platforms\windows_platform.h">
      <Filter>Header Files</Filter>
    </ClInclude>
    <ClInclude Include="src\schemes\CScheme.h">
      <Filter>Header Files</Filter>
    </ClInclude>
    <ClInclude Include="src\schemes\CSchemeGodunov.h">
      <Filter>Header Files</Filter>
    </ClInclude>
    <ClInclude Include="src\schemes\CSchemeInertial.h">
      <Filter>Header Files</Filter>
    </ClInclude>
    <ClInclude Include="src\schemes\CSchemeMUSCLHancock.h">
      <Filter>Header Files</Filter>
    </ClInclude>
    <ClInclude Include="src\Boundaries\CBoundarySimplePipe.h">
      <Filter>Header Files</Filter>
    </ClInclude>
  </ItemGroup>
  <ItemGroup>
    <ResourceCompile Include="src\CLCode.rc">
      <Filter>Resource Files</Filter>
    </ResourceCompile>
  </ItemGroup>
  <ItemGroup>
    <None Include="src\boundaries\CLBoundaries.clc" />
    <None Include="src\boundaries\CLBoundaries.clh" />
    <None Include="src\domain\cartesian\CLDomainCartesian.clc" />
    <None Include="src\domain\cartesian\CLDomainCartesian.clh" />
    <None Include="src\opencl\executors\CLUniversalHeader.clh" />
    <None Include="src\schemes\CLDynamicTimestep.clc" />
    <None Include="src\schemes\CLFriction.clc" />
    <None Include="src\schemes\CLSchemeGodunov.clc" />
    <None Include="src\schemes\CLSchemeInertial.clc" />
    <None Include="src\schemes\CLSchemeMUSCLHancock.clc" />
    <None Include="src\schemes\CLDynamicTimestep.clh" />
    <None Include="src\schemes\CLFriction.clh" />
    <None Include="src\schemes\CLSchemeGodunov.clh" />
    <None Include="src\schemes\CLSchemeInertial.clh" />
    <None Include="src\schemes\CLSchemeMUSCLHancock.clh" />
    <None Include="src\schemes\limiters\CLSlopeLimiterMINMOD.clc" />
    <None Include="src\schemes\limiters\CLSlopeLimiterMINMOD.clh" />
    <None Include="src\solvers\CLSolverHLLC.clc" />
    <None Include="src\solvers\CLSolverHLLC.clh" />
  </ItemGroup>
</Project>